
Microsoft Visual Studio Solution File, Format Version 12.00
# Visual Studio Version 17
VisualStudioVersion = 17.5.33627.172
MinimumVisualStudioVersion = 10.0.40219.1
Project("{FAE04EC0-301F-11D3-BF4B-00C04F79EFBC}") = "AppCommerce", "AppCommerce\AppCommerce.csproj", "{36DDA9E5-8219-4B0E-94F5-C0244B974C36}"
EndProject
Global
	GlobalSection(SolutionConfigurationPlatforms) = preSolution
		Debug|Any CPU = Debug|Any CPU
		Release|Any CPU = Release|Any CPU
	EndGlobalSection
	GlobalSection(ProjectConfigurationPlatforms) = postSolution
		{36DDA9E5-8219-4B0E-94F5-C0244B974C36}.Debug|Any CPU.ActiveCfg = Debug|Any CPU
		{36DDA9E5-8219-4B0E-94F5-C0244B974C36}.Debug|Any CPU.Build.0 = Debug|Any CPU
		{36DDA9E5-8219-4B0E-94F5-C0244B974C36}.Release|Any CPU.ActiveCfg = Release|Any CPU
		{36DDA9E5-8219-4B0E-94F5-C0244B974C36}.Release|Any CPU.Build.0 = Release|Any CPU
	EndGlobalSection
	GlobalSection(SolutionProperties) = preSolution
		HideSolutionNode = FALSE
	EndGlobalSection
	GlobalSection(ExtensibilityGlobals) = postSolution
		SolutionGuid = {B1CF237E-26C6-4646-8948-25B0435EFF8D}
	EndGlobalSection
EndGlobal
